
Microsoft Visual Studio Solution File, Format Version 12.00
# Visual Studio Version 16
VisualStudioVersion = 16.0.31911.196
MinimumVisualStudioVersion = 10.0.40219.1
Project("{FAE04EC0-301F-11D3-BF4B-00C04F79EFBC}") = "NetCoreAPI_FaceBookLogin_BackEnd", "NetCoreAPI_FaceBookLogin_BackEnd\NetCoreAPI_FaceBookLogin_BackEnd.csproj", "{69B6F705-C6A2-4571-9005-73CC06479AF1}"
EndProject
Global
	GlobalSection(SolutionConfigurationPlatforms) = preSolution
		Debug|Any CPU = Debug|Any CPU
		Release|Any CPU = Release|Any CPU
	EndGlobalSection
	GlobalSection(ProjectConfigurationPlatforms) = postSolution
		{69B6F705-C6A2-4571-9005-73CC06479AF1}.Debug|Any CPU.ActiveCfg = Debug|Any CPU
		{69B6F705-C6A2-4571-9005-73CC06479AF1}.Debug|Any CPU.Build.0 = Debug|Any CPU
		{69B6F705-C6A2-4571-9005-73CC06479AF1}.Release|Any CPU.ActiveCfg = Release|Any CPU
		{69B6F705-C6A2-4571-9005-73CC06479AF1}.Release|Any CPU.Build.0 = Release|Any CPU
	EndGlobalSection
	GlobalSection(SolutionProperties) = preSolution
		HideSolutionNode = FALSE
	EndGlobalSection
	GlobalSection(ExtensibilityGlobals) = postSolution
		SolutionGuid = {4A131A28-B366-4207-BC2D-0B64A3533DC4}
	EndGlobalSection
EndGlobal
